
Microsoft Visual Studio Solution File, Format Version 12.00
# Visual Studio 15
VisualStudioVersion = 15.0.26730.15
MinimumVisualStudioVersion = 10.0.40219.1
Project("{DA7A21FA-8162-4350-AD77-A8D1B671F3ED}") = "Tutorial", "Tutorial\Tutorial.rxproj", "{1A1DA4BD-1E0F-4D78-9A97-F2CF261798E8}"
EndProject
Global
	GlobalSection(SolutionConfigurationPlatforms) = preSolution
		Debug|Any CPU = Debug|Any CPU
		Release|Any CPU = Release|Any CPU
	EndGlobalSection
	GlobalSection(ProjectConfigurationPlatforms) = postSolution
		{1A1DA4BD-1E0F-4D78-9A97-F2CF261798E8}.Debug|Any CPU.ActiveCfg = Debug|Any CPU
		{1A1DA4BD-1E0F-4D78-9A97-F2CF261798E8}.Debug|Any CPU.Build.0 = Debug|Any CPU
		{1A1DA4BD-1E0F-4D78-9A97-F2CF261798E8}.Release|Any CPU.ActiveCfg = Release|Any CPU
		{1A1DA4BD-1E0F-4D78-9A97-F2CF261798E8}.Release|Any CPU.Build.0 = Release|Any CPU
	EndGlobalSection
	GlobalSection(SolutionProperties) = preSolution
		HideSolutionNode = FALSE
	EndGlobalSection
	GlobalSection(ExtensibilityGlobals) = postSolution
		SolutionGuid = {BC77AD0A-4577-4E4C-AD5F-578DFE9EA803}
	EndGlobalSection
EndGlobal
